
Microsoft Visual Studio Solution File, Format Version 12.00
# Visual Studio Version 17
VisualStudioVersion = 17.0.32014.148
MinimumVisualStudioVersion = 10.0.40219.1
Project("{FAE04EC0-301F-11D3-BF4B-00C04F79EFBC}") = "PhraseCounter", "PhraseCounter\PhraseCounter.csproj", "{763329A2-8E9C-4A7A-98B6-458BA8041D1D}"
EndProject
Global
	GlobalSection(SolutionConfigurationPlatforms) = preSolution
		Debug|Any CPU = Debug|Any CPU
		Release|Any CPU = Release|Any CPU
	EndGlobalSection
	GlobalSection(ProjectConfigurationPlatforms) = postSolution
		{763329A2-8E9C-4A7A-98B6-458BA8041D1D}.Debug|Any CPU.ActiveCfg = Debug|Any CPU
		{763329A2-8E9C-4A7A-98B6-458BA8041D1D}.Debug|Any CPU.Build.0 = Debug|Any CPU
		{763329A2-8E9C-4A7A-98B6-458BA8041D1D}.Release|Any CPU.ActiveCfg = Release|Any CPU
		{763329A2-8E9C-4A7A-98B6-458BA8041D1D}.Release|Any CPU.Build.0 = Release|Any CPU
	EndGlobalSection
	GlobalSection(SolutionProperties) = preSolution
		HideSolutionNode = FALSE
	EndGlobalSection
	GlobalSection(ExtensibilityGlobals) = postSolution
		SolutionGuid = {C2584359-5A15-4124-8FCD-765D154C2940}
	EndGlobalSection
EndGlobal
