
Microsoft Visual Studio Solution File, Format Version 12.00
# Visual Studio Version 17
VisualStudioVersion = 17.0.32014.148
MinimumVisualStudioVersion = 10.0.40219.1
Project("{FAE04EC0-301F-11D3-BF4B-00C04F79EFBC}") = "S3CreateAndList", "S3CreateAndList\S3CreateAndList.csproj", "{721C3A11-7E9E-4A44-A130-6BCE76394FD0}"
EndProject
Global
	GlobalSection(SolutionConfigurationPlatforms) = preSolution
		Debug|Any CPU = Debug|Any CPU
		Release|Any CPU = Release|Any CPU
	EndGlobalSection
	GlobalSection(ProjectConfigurationPlatforms) = postSolution
		{721C3A11-7E9E-4A44-A130-6BCE76394FD0}.Debug|Any CPU.ActiveCfg = Debug|Any CPU
		{721C3A11-7E9E-4A44-A130-6BCE76394FD0}.Debug|Any CPU.Build.0 = Debug|Any CPU
		{721C3A11-7E9E-4A44-A130-6BCE76394FD0}.Release|Any CPU.ActiveCfg = Release|Any CPU
		{721C3A11-7E9E-4A44-A130-6BCE76394FD0}.Release|Any CPU.Build.0 = Release|Any CPU
	EndGlobalSection
	GlobalSection(SolutionProperties) = preSolution
		HideSolutionNode = FALSE
	EndGlobalSection
	GlobalSection(ExtensibilityGlobals) = postSolution
		SolutionGuid = {5755737A-2923-4A9A-81F8-995291A679FD}
	EndGlobalSection
EndGlobal
